{
  "name": "node",
  "version": "1.0.0",
  "lockfileVersion": 2,
  "requires": true,
  "packages": {
    "": {
      "version": "1.0.0",
      "license": "ISC",
      "dependencies": {
        "@harnessio/ff-javascript-client-sdk": "^1.1.0"
      }
    },
    "node_modules/@harnessio/ff-javascript-client-sdk": {
      "version": "1.1.0",
      "resolved": "https://registry.npmjs.org/@harnessio/ff-javascript-client-sdk/-/ff-javascript-client-sdk-1.1.0.tgz",
      "integrity": "sha512-vZVyFPLFbVXX5pU2bZ9Hk5JcA2Xlsp6cOfiQaNTbGXjHqvuY4mS6N+s1404+K8g3c4D2pyGFI+CQ8PEI/GyirA==",
      "license": "Apache-2.0"
    }
  },
  "dependencies": {
    "@harnessio/ff-javascript-client-sdk": {
      "version": "1.1.0",
      "resolved": "https://registry.npmjs.org/@harnessio/ff-javascript-client-sdk/-/ff-javascript-client-sdk-1.1.0.tgz",
      "integrity": "sha512-vZVyFPLFbVXX5pU2bZ9Hk5JcA2Xlsp6cOfiQaNTbGXjHqvuY4mS6N+s1404+K8g3c4D2pyGFI+CQ8PEI/GyirA=="
    }
  }
}
