{
  "name": "node",
  "version": "1.0.0",
  "lockfileVersion": 2,
  "requires": true,
  "packages": {
    "": {
      "version": "1.0.0",
      "license": "ISC",
      "dependencies": {
        "@harnessio/ff-javascript-client-sdk": "^1.0.7"
      }
    },
    "node_modules/@harnessio/ff-javascript-client-sdk": {
      "version": "1.0.7",
      "resolved": "https://registry.npmjs.org/@harnessio/ff-javascript-client-sdk/-/ff-javascript-client-sdk-1.0.7.tgz",
      "integrity": "sha512-Y7ooTMVBd/ERz1zSsPQFMK59X8DIVVRzlBJ7Ew743m2ZrjYI61A7dE+3CL0lHfwYd7QkdmWDrswQuvcCHtYchg=="
    }
  },
  "dependencies": {
    "@harnessio/ff-javascript-client-sdk": {
      "version": "1.0.7",
      "resolved": "https://registry.npmjs.org/@harnessio/ff-javascript-client-sdk/-/ff-javascript-client-sdk-1.0.7.tgz",
      "integrity": "sha512-Y7ooTMVBd/ERz1zSsPQFMK59X8DIVVRzlBJ7Ew743m2ZrjYI61A7dE+3CL0lHfwYd7QkdmWDrswQuvcCHtYchg=="
    }
  }
}
