# THIS IS AN AUTOGENERATED FILE. DO NOT EDIT THIS FILE DIRECTLY.
# yarn lockfile v1


"@harnessio/ff-javascript-client-sdk@^1.0.7":
  "integrity" "sha512-Y7ooTMVBd/ERz1zSsPQFMK59X8DIVVRzlBJ7Ew743m2ZrjYI61A7dE+3CL0lHfwYd7QkdmWDrswQuvcCHtYchg=="
  "resolved" "https://registry.npmjs.org/@harnessio/ff-javascript-client-sdk/-/ff-javascript-client-sdk-1.0.7.tgz"
  "version" "1.0.7"
